<?xml version="1.0" encoding="utf-8"?>
<Project ToolsVersion="4.0" xmlns="http://schemas.microsoft.com/developer/msbuild/2003">
  <ItemGroup>
    <ClInclude Include="CSVLoader.h" />
  </ItemGroup>
  <ItemGroup>
    <ClCompile Include="CSVLoader.cpp" />
    <ClCompile Include="main.cpp" />
  </ItemGroup>
  <ItemGroup>
    <None Include="test.csv" />
  </ItemGroup>
</Project>